// !$*UTF8*$!
{
	archiveVersion = 1;
	classes = {
	};
	objectVersion = 56;
	objects = {

/* Begin PBXBuildFile section */
		080AE1DE28FE8DC80010F66E /* KConstants.swift in Sources */ = {isa = PBXBuildFile; fileRef = 080AE1DD28FE8DC80010F66E /* KConstants.swift */; };
		080AE1E128FEBCE80010F66E /* product.json in Resources */ = {isa = PBXBuildFile; fileRef = 080AE1E028FEBCE80010F66E /* product.json */; };
		080AE20328FF26520010F66E /* productapi.json in Resources */ = {isa = PBXBuildFile; fileRef = 080AE20228FF26520010F66E /* productapi.json */; };
		080AE20828FF507A0010F66E /* AppSecrets.swift in Sources */ = {isa = PBXBuildFile; fileRef = 080AE20728FF507A0010F66E /* AppSecrets.swift */; };
		080AE20A28FF5EF80010F66E /* AuthUser.swift in Sources */ = {isa = PBXBuildFile; fileRef = 080AE20928FF5EF80010F66E /* AuthUser.swift */; };
		080AE20C28FF5F640010F66E /* AuthUserResponse.swift in Sources */ = {isa = PBXBuildFile; fileRef = 080AE20B28FF5F640010F66E /* AuthUserResponse.swift */; };
		08644D0E2908511100FFB20A /* RefrigeratorsProductRequest.swift in Sources */ = {isa = PBXBuildFile; fileRef = 08644D0D2908511100FFB20A /* RefrigeratorsProductRequest.swift */; };
		08644D102908531B00FFB20A /* RefrigeratorProductResponse.swift in Sources */ = {isa = PBXBuildFile; fileRef = 08644D0F2908531B00FFB20A /* RefrigeratorProductResponse.swift */; };
		08816B6A28FDCFDE009DCB3C /* AmbarAPI.docc in Sources */ = {isa = PBXBuildFile; fileRef = 08816B6928FDCFDE009DCB3C /* AmbarAPI.docc */; };
		08816B7028FDCFDE009DCB3C /* AmbarAPI.framework in Frameworks */ = {isa = PBXBuildFile; fileRef = 08816B6528FDCFDE009DCB3C /* AmbarAPI.framework */; };
		08816B7528FDCFDE009DCB3C /* AmbarAPITests.swift in Sources */ = {isa = PBXBuildFile; fileRef = 08816B7428FDCFDE009DCB3C /* AmbarAPITests.swift */; };
		08816B7628FDCFDE009DCB3C /* AmbarAPI.h in Headers */ = {isa = PBXBuildFile; fileRef = 08816B6828FDCFDE009DCB3C /* AmbarAPI.h */; settings = {ATTRIBUTES = (Public, ); }; };
		08816B8028FDD0EA009DCB3C /* GoogleService-Info.plist in Resources */ = {isa = PBXBuildFile; fileRef = 08816B7F28FDD0EA009DCB3C /* GoogleService-Info.plist */; };
		08816B8328FDD18E009DCB3C /* FirebaseAnalytics in Frameworks */ = {isa = PBXBuildFile; productRef = 08816B8228FDD18E009DCB3C /* FirebaseAnalytics */; };
		08816B8528FDD18E009DCB3C /* FirebaseAuth in Frameworks */ = {isa = PBXBuildFile; productRef = 08816B8428FDD18E009DCB3C /* FirebaseAuth */; };
		08816B8728FDD18E009DCB3C /* FirebaseFirestore in Frameworks */ = {isa = PBXBuildFile; productRef = 08816B8628FDD18E009DCB3C /* FirebaseFirestore */; };
		08816B8928FDD18E009DCB3C /* FirebaseFirestoreSwift in Frameworks */ = {isa = PBXBuildFile; productRef = 08816B8828FDD18E009DCB3C /* FirebaseFirestoreSwift */; };
		08816B8B28FDD2F0009DCB3C /* AmbarAPIService.swift in Sources */ = {isa = PBXBuildFile; fileRef = 08816B8A28FDD2F0009DCB3C /* AmbarAPIService.swift */; };
		08816B8E28FDD395009DCB3C /* ProductResponse.swift in Sources */ = {isa = PBXBuildFile; fileRef = 08816B8D28FDD395009DCB3C /* ProductResponse.swift */; };
		08816B9128FDD42A009DCB3C /* Product.swift in Sources */ = {isa = PBXBuildFile; fileRef = 08816B9028FDD42A009DCB3C /* Product.swift */; };
		0891C7D02905B9410086E786 /* CellarProductResponse.swift in Sources */ = {isa = PBXBuildFile; fileRef = 0891C7CF2905B9410086E786 /* CellarProductResponse.swift */; };
		089A9EE229072F64004DE9A0 /* CellarsProductRequest.swift in Sources */ = {isa = PBXBuildFile; fileRef = 089A9EE129072F64004DE9A0 /* CellarsProductRequest.swift */; };
		08A71F372904225E00AF9376 /* FireBaseError.swift in Sources */ = {isa = PBXBuildFile; fileRef = 08A71F362904225E00AF9376 /* FireBaseError.swift */; };
		08A84B20290524BB0077859E /* QueryModel.swift in Sources */ = {isa = PBXBuildFile; fileRef = 08A84B1F290524BB0077859E /* QueryModel.swift */; };
		08F414F6290329EB0039C2E7 /* CellarProduct.swift in Sources */ = {isa = PBXBuildFile; fileRef = 08F414F5290329EB0039C2E7 /* CellarProduct.swift */; };
		08F414F829032A460039C2E7 /* RefrigeratorProduct.swift in Sources */ = {isa = PBXBuildFile; fileRef = 08F414F729032A460039C2E7 /* RefrigeratorProduct.swift */; };
		08F414FA29032B310039C2E7 /* User.swift in Sources */ = {isa = PBXBuildFile; fileRef = 08F414F929032B310039C2E7 /* User.swift */; };
/* End PBXBuildFile section */

/* Begin PBXContainerItemProxy section */
		08816B7128FDCFDE009DCB3C /* PBXContainerItemProxy */ = {
			isa = PBXContainerItemProxy;
			containerPortal = 08816B5C28FDCFDE009DCB3C /* Project object */;
			proxyType = 1;
			remoteGlobalIDString = 08816B6428FDCFDE009DCB3C;
			remoteInfo = AmbarAPI;
		};
/* End PBXContainerItemProxy section */

/* Begin PBXFileReference section */
		080AE1DD28FE8DC80010F66E /* KConstants.swift */ = {isa = PBXFileReference; lastKnownFileType = sourcecode.swift; path = KConstants.swift; sourceTree = "<group>"; };
		080AE1E028FEBCE80010F66E /* product.json */ = {isa = PBXFileReference; lastKnownFileType = text.json; path = product.json; sourceTree = "<group>"; };
		080AE20228FF26520010F66E /* productapi.json */ = {isa = PBXFileReference; lastKnownFileType = text.json; path = productapi.json; sourceTree = "<group>"; };
		080AE20728FF507A0010F66E /* AppSecrets.swift */ = {isa = PBXFileReference; lastKnownFileType = sourcecode.swift; path = AppSecrets.swift; sourceTree = "<group>"; };
		080AE20928FF5EF80010F66E /* AuthUser.swift */ = {isa = PBXFileReference; lastKnownFileType = sourcecode.swift; path = AuthUser.swift; sourceTree = "<group>"; };
		080AE20B28FF5F640010F66E /* AuthUserResponse.swift */ = {isa = PBXFileReference; lastKnownFileType = sourcecode.swift; path = AuthUserResponse.swift; sourceTree = "<group>"; };
		08644D0D2908511100FFB20A /* RefrigeratorsProductRequest.swift */ = {isa = PBXFileReference; lastKnownFileType = sourcecode.swift; path = RefrigeratorsProductRequest.swift; sourceTree = "<group>"; };
		08644D0F2908531B00FFB20A /* RefrigeratorProductResponse.swift */ = {isa = PBXFileReference; lastKnownFileType = sourcecode.swift; path = RefrigeratorProductResponse.swift; sourceTree = "<group>"; };
		08816B6528FDCFDE009DCB3C /* AmbarAPI.framework */ = {isa = PBXFileReference; explicitFileType = wrapper.framework; includeInIndex = 0; path = AmbarAPI.framework; sourceTree = BUILT_PRODUCTS_DIR; };
		08816B6828FDCFDE009DCB3C /* AmbarAPI.h */ = {isa = PBXFileReference; lastKnownFileType = sourcecode.c.h; path = AmbarAPI.h; sourceTree = "<group>"; };
		08816B6928FDCFDE009DCB3C /* AmbarAPI.docc */ = {isa = PBXFileReference; lastKnownFileType = folder.documentationcatalog; path = AmbarAPI.docc; sourceTree = "<group>"; };
		08816B6F28FDCFDE009DCB3C /* AmbarAPITests.xctest */ = {isa = PBXFileReference; explicitFileType = wrapper.cfbundle; includeInIndex = 0; path = AmbarAPITests.xctest; sourceTree = BUILT_PRODUCTS_DIR; };
		08816B7428FDCFDE009DCB3C /* AmbarAPITests.swift */ = {isa = PBXFileReference; lastKnownFileType = sourcecode.swift; path = AmbarAPITests.swift; sourceTree = "<group>"; };
		08816B7F28FDD0EA009DCB3C /* GoogleService-Info.plist */ = {isa = PBXFileReference; fileEncoding = 4; lastKnownFileType = text.plist.xml; path = "GoogleService-Info.plist"; sourceTree = "<group>"; };
		08816B8A28FDD2F0009DCB3C /* AmbarAPIService.swift */ = {isa = PBXFileReference; lastKnownFileType = sourcecode.swift; path = AmbarAPIService.swift; sourceTree = "<group>"; };
		08816B8D28FDD395009DCB3C /* ProductResponse.swift */ = {isa = PBXFileReference; lastKnownFileType = sourcecode.swift; path = ProductResponse.swift; sourceTree = "<group>"; };
		08816B9028FDD42A009DCB3C /* Product.swift */ = {isa = PBXFileReference; lastKnownFileType = sourcecode.swift; path = Product.swift; sourceTree = "<group>"; };
		0891C7CF2905B9410086E786 /* CellarProductResponse.swift */ = {isa = PBXFileReference; lastKnownFileType = sourcecode.swift; path = CellarProductResponse.swift; sourceTree = "<group>"; };
		089A9EE129072F64004DE9A0 /* CellarsProductRequest.swift */ = {isa = PBXFileReference; lastKnownFileType = sourcecode.swift; path = CellarsProductRequest.swift; sourceTree = "<group>"; };
		08A71F362904225E00AF9376 /* FireBaseError.swift */ = {isa = PBXFileReference; lastKnownFileType = sourcecode.swift; path = FireBaseError.swift; sourceTree = "<group>"; };
		08A84B1F290524BB0077859E /* QueryModel.swift */ = {isa = PBXFileReference; lastKnownFileType = sourcecode.swift; path = QueryModel.swift; sourceTree = "<group>"; };
		08F414F5290329EB0039C2E7 /* CellarProduct.swift */ = {isa = PBXFileReference; lastKnownFileType = sourcecode.swift; path = CellarProduct.swift; sourceTree = "<group>"; };
		08F414F729032A460039C2E7 /* RefrigeratorProduct.swift */ = {isa = PBXFileReference; lastKnownFileType = sourcecode.swift; path = RefrigeratorProduct.swift; sourceTree = "<group>"; };
		08F414F929032B310039C2E7 /* User.swift */ = {isa = PBXFileReference; lastKnownFileType = sourcecode.swift; path = User.swift; sourceTree = "<group>"; };
/* End PBXFileReference section */

/* Begin PBXFrameworksBuildPhase section */
		08816B6228FDCFDE009DCB3C /* Frameworks */ = {
			isa = PBXFrameworksBuildPhase;
			buildActionMask = 2147483647;
			files = (
				08816B8328FDD18E009DCB3C /* FirebaseAnalytics in Frameworks */,
				08816B8528FDD18E009DCB3C /* FirebaseAuth in Frameworks */,
				08816B8728FDD18E009DCB3C /* FirebaseFirestore in Frameworks */,
				08816B8928FDD18E009DCB3C /* FirebaseFirestoreSwift in Frameworks */,
			);
			runOnlyForDeploymentPostprocessing = 0;
		};
		08816B6C28FDCFDE009DCB3C /* Frameworks */ = {
			isa = PBXFrameworksBuildPhase;
			buildActionMask = 2147483647;
			files = (
				08816B7028FDCFDE009DCB3C /* AmbarAPI.framework in Frameworks */,
			);
			runOnlyForDeploymentPostprocessing = 0;
		};
/* End PBXFrameworksBuildPhase section */

/* Begin PBXGroup section */
		080AE1DC28FE8DB10010F66E /* Constants */ = {
			isa = PBXGroup;
			children = (
				080AE1DD28FE8DC80010F66E /* KConstants.swift */,
			);
			path = Constants;
			sourceTree = "<group>";
		};
		080AE1DF28FEBCC70010F66E /* Resources */ = {
			isa = PBXGroup;
			children = (
				080AE1E028FEBCE80010F66E /* product.json */,
				080AE20228FF26520010F66E /* productapi.json */,
			);
			path = Resources;
			sourceTree = "<group>";
		};
		080AE20428FF4B950010F66E /* Secrets */ = {
			isa = PBXGroup;
			children = (
				080AE20728FF507A0010F66E /* AppSecrets.swift */,
			);
			path = Secrets;
			sourceTree = "<group>";
		};
		08816B5B28FDCFDE009DCB3C = {
			isa = PBXGroup;
			children = (
				08816B8A28FDD2F0009DCB3C /* AmbarAPIService.swift */,
				089A9EE029072F3B004DE9A0 /* RequestModels */,
				08A84B1E290524A30077859E /* QueryModel */,
				080AE20428FF4B950010F66E /* Secrets */,
				080AE1DC28FE8DB10010F66E /* Constants */,
				08816B8C28FDD378009DCB3C /* Responses */,
				08816B8F28FDD415009DCB3C /* DTOs */,
				08816B6728FDCFDE009DCB3C /* AmbarAPI */,
				08816B7328FDCFDE009DCB3C /* AmbarAPITests */,
				08816B6628FDCFDE009DCB3C /* Products */,
			);
			sourceTree = "<group>";
		};
		08816B6628FDCFDE009DCB3C /* Products */ = {
			isa = PBXGroup;
			children = (
				08816B6528FDCFDE009DCB3C /* AmbarAPI.framework */,
				08816B6F28FDCFDE009DCB3C /* AmbarAPITests.xctest */,
			);
			name = Products;
			sourceTree = "<group>";
		};
		08816B6728FDCFDE009DCB3C /* AmbarAPI */ = {
			isa = PBXGroup;
			children = (
				08816B7F28FDD0EA009DCB3C /* GoogleService-Info.plist */,
				08816B6828FDCFDE009DCB3C /* AmbarAPI.h */,
				08816B6928FDCFDE009DCB3C /* AmbarAPI.docc */,
			);
			path = AmbarAPI;
			sourceTree = "<group>";
		};
		08816B7328FDCFDE009DCB3C /* AmbarAPITests */ = {
			isa = PBXGroup;
			children = (
				080AE1DF28FEBCC70010F66E /* Resources */,
				08816B7428FDCFDE009DCB3C /* AmbarAPITests.swift */,
			);
			path = AmbarAPITests;
			sourceTree = "<group>";
		};
		08816B8C28FDD378009DCB3C /* Responses */ = {
			isa = PBXGroup;
			children = (
				08816B8D28FDD395009DCB3C /* ProductResponse.swift */,
				080AE20B28FF5F640010F66E /* AuthUserResponse.swift */,
				0891C7CF2905B9410086E786 /* CellarProductResponse.swift */,
				08644D0F2908531B00FFB20A /* RefrigeratorProductResponse.swift */,
			);
			path = Responses;
			sourceTree = "<group>";
		};
		08816B8F28FDD415009DCB3C /* DTOs */ = {
			isa = PBXGroup;
			children = (
				08816B9028FDD42A009DCB3C /* Product.swift */,
				080AE20928FF5EF80010F66E /* AuthUser.swift */,
				08F414F5290329EB0039C2E7 /* CellarProduct.swift */,
				08F414F729032A460039C2E7 /* RefrigeratorProduct.swift */,
				08F414F929032B310039C2E7 /* User.swift */,
				08A71F362904225E00AF9376 /* FireBaseError.swift */,
			);
			path = DTOs;
			sourceTree = "<group>";
		};
		089A9EE029072F3B004DE9A0 /* RequestModels */ = {
			isa = PBXGroup;
			children = (
				089A9EE129072F64004DE9A0 /* CellarsProductRequest.swift */,
				08644D0D2908511100FFB20A /* RefrigeratorsProductRequest.swift */,
			);
			path = RequestModels;
			sourceTree = "<group>";
		};
		08A84B1E290524A30077859E /* QueryModel */ = {
			isa = PBXGroup;
			children = (
				08A84B1F290524BB0077859E /* QueryModel.swift */,
			);
			path = QueryModel;
			sourceTree = "<group>";
		};
/* End PBXGroup section */

/* Begin PBXHeadersBuildPhase section */
		08816B6028FDCFDE009DCB3C /* Headers */ = {
			isa = PBXHeadersBuildPhase;
			buildActionMask = 2147483647;
			files = (
				08816B7628FDCFDE009DCB3C /* AmbarAPI.h in Headers */,
			);
			runOnlyForDeploymentPostprocessing = 0;
		};
/* End PBXHeadersBuildPhase section */

/* Begin PBXNativeTarget section */
		08816B6428FDCFDE009DCB3C /* AmbarAPI */ = {
			isa = PBXNativeTarget;
			buildConfigurationList = 08816B7928FDCFDE009DCB3C /* Build configuration list for PBXNativeTarget "AmbarAPI" */;
			buildPhases = (
				08816B6028FDCFDE009DCB3C /* Headers */,
				08816B6128FDCFDE009DCB3C /* Sources */,
				08816B6228FDCFDE009DCB3C /* Frameworks */,
				08816B6328FDCFDE009DCB3C /* Resources */,
			);
			buildRules = (
			);
			dependencies = (
			);
			name = AmbarAPI;
			packageProductDependencies = (
				08816B8228FDD18E009DCB3C /* FirebaseAnalytics */,
				08816B8428FDD18E009DCB3C /* FirebaseAuth */,
				08816B8628FDD18E009DCB3C /* FirebaseFirestore */,
				08816B8828FDD18E009DCB3C /* FirebaseFirestoreSwift */,
			);
			productName = AmbarAPI;
			productReference = 08816B6528FDCFDE009DCB3C /* AmbarAPI.framework */;
			productType = "com.apple.product-type.framework";
		};
		08816B6E28FDCFDE009DCB3C /* AmbarAPITests */ = {
			isa = PBXNativeTarget;
			buildConfigurationList = 08816B7C28FDCFDE009DCB3C /* Build configuration list for PBXNativeTarget "AmbarAPITests" */;
			buildPhases = (
				08816B6B28FDCFDE009DCB3C /* Sources */,
				08816B6C28FDCFDE009DCB3C /* Frameworks */,
				08816B6D28FDCFDE009DCB3C /* Resources */,
			);
			buildRules = (
			);
			dependencies = (
				08816B7228FDCFDE009DCB3C /* PBXTargetDependency */,
			);
			name = AmbarAPITests;
			productName = AmbarAPITests;
			productReference = 08816B6F28FDCFDE009DCB3C /* AmbarAPITests.xctest */;
			productType = "com.apple.product-type.bundle.unit-test";
		};
/* End PBXNativeTarget section */

/* Begin PBXProject section */
		08816B5C28FDCFDE009DCB3C /* Project object */ = {
			isa = PBXProject;
			attributes = {
				BuildIndependentTargetsInParallel = 1;
				LastSwiftUpdateCheck = 1400;
				LastUpgradeCheck = 1400;
				TargetAttributes = {
					08816B6428FDCFDE009DCB3C = {
						CreatedOnToolsVersion = 14.0.1;
					};
					08816B6E28FDCFDE009DCB3C = {
						CreatedOnToolsVersion = 14.0.1;
					};
				};
			};
			buildConfigurationList = 08816B5F28FDCFDE009DCB3C /* Build configuration list for PBXProject "AmbarAPI" */;
			compatibilityVersion = "Xcode 14.0";
			developmentRegion = en;
			hasScannedForEncodings = 0;
			knownRegions = (
				en,
				Base,
			);
			mainGroup = 08816B5B28FDCFDE009DCB3C;
			packageReferences = (
				08816B8128FDD18E009DCB3C /* XCRemoteSwiftPackageReference "firebase-ios-sdk" */,
			);
			productRefGroup = 08816B6628FDCFDE009DCB3C /* Products */;
			projectDirPath = "";
			projectRoot = "";
			targets = (
				08816B6428FDCFDE009DCB3C /* AmbarAPI */,
				08816B6E28FDCFDE009DCB3C /* AmbarAPITests */,
			);
		};
/* End PBXProject section */

/* Begin PBXResourcesBuildPhase section */
		08816B6328FDCFDE009DCB3C /* Resources */ = {
			isa = PBXResourcesBuildPhase;
			buildActionMask = 2147483647;
			files = (
				08816B8028FDD0EA009DCB3C /* GoogleService-Info.plist in Resources */,
			);
			runOnlyForDeploymentPostprocessing = 0;
		};
		08816B6D28FDCFDE009DCB3C /* Resources */ = {
			isa = PBXResourcesBuildPhase;
			buildActionMask = 2147483647;
			files = (
				080AE20328FF26520010F66E /* productapi.json in Resources */,
				080AE1E128FEBCE80010F66E /* product.json in Resources */,
			);
			runOnlyForDeploymentPostprocessing = 0;
		};
/* End PBXResourcesBuildPhase section */

/* Begin PBXSourcesBuildPhase section */
		08816B6128FDCFDE009DCB3C /* Sources */ = {
			isa = PBXSourcesBuildPhase;
			buildActionMask = 2147483647;
			files = (
				08F414F6290329EB0039C2E7 /* CellarProduct.swift in Sources */,
				08A71F372904225E00AF9376 /* FireBaseError.swift in Sources */,
				080AE1DE28FE8DC80010F66E /* KConstants.swift in Sources */,
				089A9EE229072F64004DE9A0 /* CellarsProductRequest.swift in Sources */,
				080AE20C28FF5F640010F66E /* AuthUserResponse.swift in Sources */,
				08A84B20290524BB0077859E /* QueryModel.swift in Sources */,
				08816B8E28FDD395009DCB3C /* ProductResponse.swift in Sources */,
				08644D102908531B00FFB20A /* RefrigeratorProductResponse.swift in Sources */,
				08816B9128FDD42A009DCB3C /* Product.swift in Sources */,
				0891C7D02905B9410086E786 /* CellarProductResponse.swift in Sources */,
				080AE20A28FF5EF80010F66E /* AuthUser.swift in Sources */,
				08816B8B28FDD2F0009DCB3C /* AmbarAPIService.swift in Sources */,
				08816B6A28FDCFDE009DCB3C /* AmbarAPI.docc in Sources */,
				080AE20828FF507A0010F66E /* AppSecrets.swift in Sources */,
				08F414F829032A460039C2E7 /* RefrigeratorProduct.swift in Sources */,
				08F414FA29032B310039C2E7 /* User.swift in Sources */,
				08644D0E2908511100FFB20A /* RefrigeratorsProductRequest.swift in Sources */,
			);
			runOnlyForDeploymentPostprocessing = 0;
		};
		08816B6B28FDCFDE009DCB3C /* Sources */ = {
			isa = PBXSourcesBuildPhase;
			buildActionMask = 2147483647;
			files = (
				08816B7528FDCFDE009DCB3C /* AmbarAPITests.swift in Sources */,
			);
			runOnlyForDeploymentPostprocessing = 0;
		};
/* End PBXSourcesBuildPhase section */

/* Begin PBXTargetDependency section */
		08816B7228FDCFDE009DCB3C /* PBXTargetDependency */ = {
			isa = PBXTargetDependency;
			target = 08816B6428FDCFDE009DCB3C /* AmbarAPI */;
			targetProxy = 08816B7128FDCFDE009DCB3C /* PBXContainerItemProxy */;
		};
/* End PBXTargetDependency section */

/* Begin XCBuildConfiguration section */
		08816B7728FDCFDE009DCB3C /* Debug */ = {
			isa = XCBuildConfiguration;
			buildSettings = {
				ALWAYS_SEARCH_USER_PATHS = NO;
				CLANG_ANALYZER_NONNULL = YES;
				CLANG_ANALYZER_NUMBER_OBJECT_CONVERSION = YES_AGGRESSIVE;
				CLANG_CXX_LANGUAGE_STANDARD = "gnu++20";
				CLANG_ENABLE_MODULES = YES;
				CLANG_ENABLE_OBJC_ARC = YES;
				CLANG_ENABLE_OBJC_WEAK = YES;
				CLANG_WARN_BLOCK_CAPTURE_AUTORELEASING = YES;
				CLANG_WARN_BOOL_CONVERSION = YES;
				CLANG_WARN_COMMA = YES;
				CLANG_WARN_CONSTANT_CONVERSION = YES;
				CLANG_WARN_DEPRECATED_OBJC_IMPLEMENTATIONS = YES;
				CLANG_WARN_DIRECT_OBJC_ISA_USAGE = YES_ERROR;
				CLANG_WARN_DOCUMENTATION_COMMENTS = YES;
				CLANG_WARN_EMPTY_BODY = YES;
				CLANG_WARN_ENUM_CONVERSION = YES;
				CLANG_WARN_INFINITE_RECURSION = YES;
				CLANG_WARN_INT_CONVERSION = YES;
				CLANG_WARN_NON_LITERAL_NULL_CONVERSION = YES;
				CLANG_WARN_OBJC_IMPLICIT_RETAIN_SELF = YES;
				CLANG_WARN_OBJC_LITERAL_CONVERSION = YES;
				CLANG_WARN_OBJC_ROOT_CLASS = YES_ERROR;
				CLANG_WARN_QUOTED_INCLUDE_IN_FRAMEWORK_HEADER = YES;
				CLANG_WARN_RANGE_LOOP_ANALYSIS = YES;
				CLANG_WARN_STRICT_PROTOTYPES = YES;
				CLANG_WARN_SUSPICIOUS_MOVE = YES;
				CLANG_WARN_UNGUARDED_AVAILABILITY = YES_AGGRESSIVE;
				CLANG_WARN_UNREACHABLE_CODE = YES;
				CLANG_WARN__DUPLICATE_METHOD_MATCH = YES;
				COPY_PHASE_STRIP = NO;
				CURRENT_PROJECT_VERSION = 1;
				DEBUG_INFORMATION_FORMAT = dwarf;
				ENABLE_STRICT_OBJC_MSGSEND = YES;
				ENABLE_TESTABILITY = YES;
				GCC_C_LANGUAGE_STANDARD = gnu11;
				GCC_DYNAMIC_NO_PIC = NO;
				GCC_NO_COMMON_BLOCKS = YES;
				GCC_OPTIMIZATION_LEVEL = 0;
				GCC_PREPROCESSOR_DEFINITIONS = (
					"DEBUG=1",
					"$(inherited)",
				);
				GCC_WARN_64_TO_32_BIT_CONVERSION = YES;
				GCC_WARN_ABOUT_RETURN_TYPE = YES_ERROR;
				GCC_WARN_UNDECLARED_SELECTOR = YES;
				GCC_WARN_UNINITIALIZED_AUTOS = YES_AGGRESSIVE;
				GCC_WARN_UNUSED_FUNCTION = YES;
				GCC_WARN_UNUSED_VARIABLE = YES;
				IPHONEOS_DEPLOYMENT_TARGET = 16.0;
				MTL_ENABLE_DEBUG_INFO = INCLUDE_SOURCE;
				MTL_FAST_MATH = YES;
				ONLY_ACTIVE_ARCH = YES;
				SDKROOT = iphoneos;
				SWIFT_ACTIVE_COMPILATION_CONDITIONS = DEBUG;
				SWIFT_OPTIMIZATION_LEVEL = "-Onone";
				VERSIONING_SYSTEM = "apple-generic";
				VERSION_INFO_PREFIX = "";
			};
			name = Debug;
		};
		08816B7828FDCFDE009DCB3C /* Release */ = {
			isa = XCBuildConfiguration;
			buildSettings = {
				ALWAYS_SEARCH_USER_PATHS = NO;
				CLANG_ANALYZER_NONNULL = YES;
				CLANG_ANALYZER_NUMBER_OBJECT_CONVERSION = YES_AGGRESSIVE;
				CLANG_CXX_LANGUAGE_STANDARD = "gnu++20";
				CLANG_ENABLE_MODULES = YES;
				CLANG_ENABLE_OBJC_ARC = YES;
				CLANG_ENABLE_OBJC_WEAK = YES;
				CLANG_WARN_BLOCK_CAPTURE_AUTORELEASING = YES;
				CLANG_WARN_BOOL_CONVERSION = YES;
				CLANG_WARN_COMMA = YES;
				CLANG_WARN_CONSTANT_CONVERSION = YES;
				CLANG_WARN_DEPRECATED_OBJC_IMPLEMENTATIONS = YES;
				CLANG_WARN_DIRECT_OBJC_ISA_USAGE = YES_ERROR;
				CLANG_WARN_DOCUMENTATION_COMMENTS = YES;
				CLANG_WARN_EMPTY_BODY = YES;
				CLANG_WARN_ENUM_CONVERSION = YES;
				CLANG_WARN_INFINITE_RECURSION = YES;
				CLANG_WARN_INT_CONVERSION = YES;
				CLANG_WARN_NON_LITERAL_NULL_CONVERSION = YES;
				CLANG_WARN_OBJC_IMPLICIT_RETAIN_SELF = YES;
				CLANG_WARN_OBJC_LITERAL_CONVERSION = YES;
				CLANG_WARN_OBJC_ROOT_CLASS = YES_ERROR;
				CLANG_WARN_QUOTED_INCLUDE_IN_FRAMEWORK_HEADER = YES;
				CLANG_WARN_RANGE_LOOP_ANALYSIS = YES;
				CLANG_WARN_STRICT_PROTOTYPES = YES;
				CLANG_WARN_SUSPICIOUS_MOVE = YES;
				CLANG_WARN_UNGUARDED_AVAILABILITY = YES_AGGRESSIVE;
				CLANG_WARN_UNREACHABLE_CODE = YES;
				CLANG_WARN__DUPLICATE_METHOD_MATCH = YES;
				COPY_PHASE_STRIP = NO;
				CURRENT_PROJECT_VERSION = 1;
				DEBUG_INFORMATION_FORMAT = "dwarf-with-dsym";
				ENABLE_NS_ASSERTIONS = NO;
				ENABLE_STRICT_OBJC_MSGSEND = YES;
				GCC_C_LANGUAGE_STANDARD = gnu11;
				GCC_NO_COMMON_BLOCKS = YES;
				GCC_WARN_64_TO_32_BIT_CONVERSION = YES;
				GCC_WARN_ABOUT_RETURN_TYPE = YES_ERROR;
				GCC_WARN_UNDECLARED_SELECTOR = YES;
				GCC_WARN_UNINITIALIZED_AUTOS = YES_AGGRESSIVE;
				GCC_WARN_UNUSED_FUNCTION = YES;
				GCC_WARN_UNUSED_VARIABLE = YES;
				IPHONEOS_DEPLOYMENT_TARGET = 16.0;
				MTL_ENABLE_DEBUG_INFO = NO;
				MTL_FAST_MATH = YES;
				SDKROOT = iphoneos;
				SWIFT_COMPILATION_MODE = wholemodule;
				SWIFT_OPTIMIZATION_LEVEL = "-O";
				VALIDATE_PRODUCT = YES;
				VERSIONING_SYSTEM = "apple-generic";
				VERSION_INFO_PREFIX = "";
			};
			name = Release;
		};
		08816B7A28FDCFDE009DCB3C /* Debug */ = {
			isa = XCBuildConfiguration;
			buildSettings = {
				CODE_SIGN_STYLE = Automatic;
				CURRENT_PROJECT_VERSION = 1;
				DEFINES_MODULE = YES;
				DEVELOPMENT_TEAM = HRD7AXL786;
				DYLIB_COMPATIBILITY_VERSION = 1;
				DYLIB_CURRENT_VERSION = 1;
				DYLIB_INSTALL_NAME_BASE = "@rpath";
				GENERATE_INFOPLIST_FILE = YES;
				INFOPLIST_KEY_NSHumanReadableCopyright = "";
				INSTALL_PATH = "$(LOCAL_LIBRARY_DIR)/Frameworks";
				LD_RUNPATH_SEARCH_PATHS = (
					"$(inherited)",
					"@executable_path/Frameworks",
					"@loader_path/Frameworks",
				);
				MARKETING_VERSION = 1.0;
				PRODUCT_BUNDLE_IDENTIFIER = com.yucedagemre.AmbarAPI;
				PRODUCT_NAME = "$(TARGET_NAME:c99extidentifier)";
				SKIP_INSTALL = YES;
				SWIFT_EMIT_LOC_STRINGS = YES;
				SWIFT_VERSION = 5.0;
				TARGETED_DEVICE_FAMILY = "1,2";
			};
			name = Debug;
		};
		08816B7B28FDCFDE009DCB3C /* Release */ = {
			isa = XCBuildConfiguration;
			buildSettings = {
				CODE_SIGN_STYLE = Automatic;
				CURRENT_PROJECT_VERSION = 1;
				DEFINES_MODULE = YES;
				DEVELOPMENT_TEAM = HRD7AXL786;
				DYLIB_COMPATIBILITY_VERSION = 1;
				DYLIB_CURRENT_VERSION = 1;
				DYLIB_INSTALL_NAME_BASE = "@rpath";
				GENERATE_INFOPLIST_FILE = YES;
				INFOPLIST_KEY_NSHumanReadableCopyright = "";
				INSTALL_PATH = "$(LOCAL_LIBRARY_DIR)/Frameworks";
				LD_RUNPATH_SEARCH_PATHS = (
					"$(inherited)",
					"@executable_path/Frameworks",
					"@loader_path/Frameworks",
				);
				MARKETING_VERSION = 1.0;
				PRODUCT_BUNDLE_IDENTIFIER = com.yucedagemre.AmbarAPI;
				PRODUCT_NAME = "$(TARGET_NAME:c99extidentifier)";
				SKIP_INSTALL = YES;
				SWIFT_EMIT_LOC_STRINGS = YES;
				SWIFT_VERSION = 5.0;
				TARGETED_DEVICE_FAMILY = "1,2";
			};
			name = Release;
		};
		08816B7D28FDCFDE009DCB3C /* Debug */ = {
			isa = XCBuildConfiguration;
			buildSettings = {
				ALWAYS_EMBED_SWIFT_STANDARD_LIBRARIES = YES;
				CODE_SIGN_STYLE = Automatic;
				CURRENT_PROJECT_VERSION = 1;
				DEVELOPMENT_TEAM = HRD7AXL786;
				GENERATE_INFOPLIST_FILE = YES;
				MARKETING_VERSION = 1.0;
				PRODUCT_BUNDLE_IDENTIFIER = com.yucedagemre.AmbarAPITests;
				PRODUCT_NAME = "$(TARGET_NAME)";
				SWIFT_EMIT_LOC_STRINGS = NO;
				SWIFT_VERSION = 5.0;
				TARGETED_DEVICE_FAMILY = "1,2";
			};
			name = Debug;
		};
		08816B7E28FDCFDE009DCB3C /* Release */ = {
			isa = XCBuildConfiguration;
			buildSettings = {
				ALWAYS_EMBED_SWIFT_STANDARD_LIBRARIES = YES;
				CODE_SIGN_STYLE = Automatic;
				CURRENT_PROJECT_VERSION = 1;
				DEVELOPMENT_TEAM = HRD7AXL786;
				GENERATE_INFOPLIST_FILE = YES;
				MARKETING_VERSION = 1.0;
				PRODUCT_BUNDLE_IDENTIFIER = com.yucedagemre.AmbarAPITests;
				PRODUCT_NAME = "$(TARGET_NAME)";
				SWIFT_EMIT_LOC_STRINGS = NO;
				SWIFT_VERSION = 5.0;
				TARGETED_DEVICE_FAMILY = "1,2";
			};
			name = Release;
		};
/* End XCBuildConfiguration section */

/* Begin XCConfigurationList section */
		08816B5F28FDCFDE009DCB3C /* Build configuration list for PBXProject "AmbarAPI" */ = {
			isa = XCConfigurationList;
			buildConfigurations = (
				08816B7728FDCFDE009DCB3C /* Debug */,
				08816B7828FDCFDE009DCB3C /* Release */,
			);
			defaultConfigurationIsVisible = 0;
			defaultConfigurationName = Release;
		};
		08816B7928FDCFDE009DCB3C /* Build configuration list for PBXNativeTarget "AmbarAPI" */ = {
			isa = XCConfigurationList;
			buildConfigurations = (
				08816B7A28FDCFDE009DCB3C /* Debug */,
				08816B7B28FDCFDE009DCB3C /* Release */,
			);
			defaultConfigurationIsVisible = 0;
			defaultConfigurationName = Release;
		};
		08816B7C28FDCFDE009DCB3C /* Build configuration list for PBXNativeTarget "AmbarAPITests" */ = {
			isa = XCConfigurationList;
			buildConfigurations = (
				08816B7D28FDCFDE009DCB3C /* Debug */,
				08816B7E28FDCFDE009DCB3C /* Release */,
			);
			defaultConfigurationIsVisible = 0;
			defaultConfigurationName = Release;
		};
/* End XCConfigurationList section */

/* Begin XCRemoteSwiftPackageReference section */
		08816B8128FDD18E009DCB3C /* XCRemoteSwiftPackageReference "firebase-ios-sdk" */ = {
			isa = XCRemoteSwiftPackageReference;
			repositoryURL = "https://github.com/firebase/firebase-ios-sdk";
			requirement = {
				kind = upToNextMajorVersion;
				minimumVersion = 9.0.0;
			};
		};
/* End XCRemoteSwiftPackageReference section */

/* Begin XCSwiftPackageProductDependency section */
		08816B8228FDD18E009DCB3C /* FirebaseAnalytics */ = {
			isa = XCSwiftPackageProductDependency;
			package = 08816B8128FDD18E009DCB3C /* XCRemoteSwiftPackageReference "firebase-ios-sdk" */;
			productName = FirebaseAnalytics;
		};
		08816B8428FDD18E009DCB3C /* FirebaseAuth */ = {
			isa = XCSwiftPackageProductDependency;
			package = 08816B8128FDD18E009DCB3C /* XCRemoteSwiftPackageReference "firebase-ios-sdk" */;
			productName = FirebaseAuth;
		};
		08816B8628FDD18E009DCB3C /* FirebaseFirestore */ = {
			isa = XCSwiftPackageProductDependency;
			package = 08816B8128FDD18E009DCB3C /* XCRemoteSwiftPackageReference "firebase-ios-sdk" */;
			productName = FirebaseFirestore;
		};
		08816B8828FDD18E009DCB3C /* FirebaseFirestoreSwift */ = {
			isa = XCSwiftPackageProductDependency;
			package = 08816B8128FDD18E009DCB3C /* XCRemoteSwiftPackageReference "firebase-ios-sdk" */;
			productName = FirebaseFirestoreSwift;
		};
/* End XCSwiftPackageProductDependency section */
	};
	rootObject = 08816B5C28FDCFDE009DCB3C /* Project object */;
}
